PODS:
  - Charts (3.0.2):
    - Charts/Core (= 3.0.2)
  - Charts/Core (3.0.2)
  - FoldingCell (2.1.3)
  - Realm (2.8.3):
    - Realm/Headers (= 2.8.3)
  - Realm/Headers (2.8.3)
  - RealmSwift (2.8.3):
    - Realm (= 2.8.3)
  - SCLAlertView (0.7.0)
  - SkyFloatingLabelTextField (2.0.1)
  - SlideMenuControllerSwift (3.0.1)
  - SwiftDate (4.1.7)
  - UICircularProgressRing (1.6.2)

DEPENDENCIES:
  - Charts
  - FoldingCell
  - RealmSwift
  - SCLAlertView
  - SkyFloatingLabelTextField (~> 2.0.0)
  - SlideMenuControllerSwift
  - SwiftDate (~> 4.0)
  - UICircularProgressRing

SPEC CHECKSUMS:
  Charts: 236d6ccdd0ce6feae151d89e829a7397381a21fd
  FoldingCell: f3073f8b24cf20866a35198f31e3b67aea64e96e
  Realm: 3601ef091c8c499a31101d8563b991e75546cdce
  RealmSwift: 8183818515471b01a99abdd2970f8e4fd52b6f4a
  SCLAlertView: 8a14ffc40590c619e183eed2298b854385f30be1
  SkyFloatingLabelTextField: 070e749632ffd608d6fd9db3fa488a822524997c
  SlideMenuControllerSwift: 9a163b16d54afab734add42858cba7ef7c307755
  SwiftDate: 029be76691ee89176da3a46c7df3415b6734bc5b
  UICircularProgressRing: f25e366e0624d87973192b67e572c0712acbae85

PODFILE CHECKSUM: e8a5c499efd4f88b949990fe2cdf8ec0d9050ff6

COCOAPODS: 1.1.1
