// !$*UTF8*$!
{
	archiveVersion = 1;
	classes = {
	};
	objectVersion = 46;
	objects = {

/* Begin PBXBuildFile section */
		023215F51E31F7580025D065 /* HomeViewController.swift in Sources */ = {isa = PBXBuildFile; fileRef = 023215F41E31F7580025D065 /* HomeViewController.swift */; };
		023215F61E31F7580025D065 /* HomeViewController.swift in Sources */ = {isa = PBXBuildFile; fileRef = 023215F41E31F7580025D065 /* HomeViewController.swift */; };
		023215F81E31FAB10025D065 /* UserDefaultsExtensions.swift in Sources */ = {isa = PBXBuildFile; fileRef = 023215F71E31FAB10025D065 /* UserDefaultsExtensions.swift */; };
		023215F91E31FAB10025D065 /* UserDefaultsExtensions.swift in Sources */ = {isa = PBXBuildFile; fileRef = 023215F71E31FAB10025D065 /* UserDefaultsExtensions.swift */; };
		02493FD91E2F64A3002FC473 /* AppDelegate.swift in Sources */ = {isa = PBXBuildFile; fileRef = 02493FD81E2F64A3002FC473 /* AppDelegate.swift */; };
		02493FDE1E2F64A3002FC473 /* Main.storyboard in Resources */ = {isa = PBXBuildFile; fileRef = 02493FDC1E2F64A3002FC473 /* Main.storyboard */; };
		02493FE11E2F64A3002FC473 /* SaveALittle.xcdatamodeld in Sources */ = {isa = PBXBuildFile; fileRef = 02493FDF1E2F64A3002FC473 /* SaveALittle.xcdatamodeld */; };
		02493FE61E2F64A3002FC473 /* LaunchScreen.storyboard in Resources */ = {isa = PBXBuildFile; fileRef = 02493FE41E2F64A3002FC473 /* LaunchScreen.storyboard */; };
		02493FF11E2F64A3002FC473 /* SaveALittleTests.swift in Sources */ = {isa = PBXBuildFile; fileRef = 02493FF01E2F64A3002FC473 /* SaveALittleTests.swift */; };
		02493FFC1E2F64A3002FC473 /* SaveALittleUITests.swift in Sources */ = {isa = PBXBuildFile; fileRef = 02493FFB1E2F64A3002FC473 /* SaveALittleUITests.swift */; };
		024940101E2F650C002FC473 /* LoginViewController.swift in Sources */ = {isa = PBXBuildFile; fileRef = 0249400F1E2F650C002FC473 /* LoginViewController.swift */; };
		024CE3C21E30948700586D1F /* UIViewExtensions.swift in Sources */ = {isa = PBXBuildFile; fileRef = 024CE3C11E30948700586D1F /* UIViewExtensions.swift */; };
		024CE3C31E30948700586D1F /* UIViewExtensions.swift in Sources */ = {isa = PBXBuildFile; fileRef = 024CE3C11E30948700586D1F /* UIViewExtensions.swift */; };
		024CE3C51E30988B00586D1F /* Color.swift in Sources */ = {isa = PBXBuildFile; fileRef = 024CE3C41E30988B00586D1F /* Color.swift */; };
		024CE3C61E30988B00586D1F /* Color.swift in Sources */ = {isa = PBXBuildFile; fileRef = 024CE3C41E30988B00586D1F /* Color.swift */; };
		024CE3C91E30A16700586D1F /* PageCollectionViewCell.swift in Sources */ = {isa = PBXBuildFile; fileRef = 024CE3C81E30A16700586D1F /* PageCollectionViewCell.swift */; };
		024CE3CA1E30A16700586D1F /* PageCollectionViewCell.swift in Sources */ = {isa = PBXBuildFile; fileRef = 024CE3C81E30A16700586D1F /* PageCollectionViewCell.swift */; };
		024CE3CD1E30A26F00586D1F /* Page.swift in Sources */ = {isa = PBXBuildFile; fileRef = 024CE3CC1E30A26F00586D1F /* Page.swift */; };
		024CE3CE1E30A26F00586D1F /* Page.swift in Sources */ = {isa = PBXBuildFile; fileRef = 024CE3CC1E30A26F00586D1F /* Page.swift */; };
		025389281E451BFB00A4ED48 /* UsageProgressView.xib in Resources */ = {isa = PBXBuildFile; fileRef = 025389271E451BFB00A4ED48 /* UsageProgressView.xib */; };
		025389291E451BFB00A4ED48 /* UsageProgressView.xib in Resources */ = {isa = PBXBuildFile; fileRef = 025389271E451BFB00A4ED48 /* UsageProgressView.xib */; };
		0253892B1E451E6100A4ED48 /* UsageProgressView.swift in Sources */ = {isa = PBXBuildFile; fileRef = 0253892A1E451E6100A4ED48 /* UsageProgressView.swift */; };
		0253892C1E451E6100A4ED48 /* UsageProgressView.swift in Sources */ = {isa = PBXBuildFile; fileRef = 0253892A1E451E6100A4ED48 /* UsageProgressView.swift */; };
		0253892E1E453C0700A4ED48 /* TransactionTableViewCell.swift in Sources */ = {isa = PBXBuildFile; fileRef = 0253892D1E453C0700A4ED48 /* TransactionTableViewCell.swift */; };
		0253892F1E453C0700A4ED48 /* TransactionTableViewCell.swift in Sources */ = {isa = PBXBuildFile; fileRef = 0253892D1E453C0700A4ED48 /* TransactionTableViewCell.swift */; };
		025389311E453E6B00A4ED48 /* TransactionTableViewCell.xib in Resources */ = {isa = PBXBuildFile; fileRef = 025389301E453E6B00A4ED48 /* TransactionTableViewCell.xib */; };
		025389321E453E6B00A4ED48 /* TransactionTableViewCell.xib in Resources */ = {isa = PBXBuildFile; fileRef = 025389301E453E6B00A4ED48 /* TransactionTableViewCell.xib */; };
		025E442B1E43165300A20809 /* WeekHeaderView.swift in Sources */ = {isa = PBXBuildFile; fileRef = 025E442A1E43165300A20809 /* WeekHeaderView.swift */; };
		025E442C1E43165300A20809 /* WeekHeaderView.swift in Sources */ = {isa = PBXBuildFile; fileRef = 025E442A1E43165300A20809 /* WeekHeaderView.swift */; };
		025E442E1E43210500A20809 /* WeekHeaderView.xib in Resources */ = {isa = PBXBuildFile; fileRef = 025E442D1E43210500A20809 /* WeekHeaderView.xib */; };
		025E442F1E43210500A20809 /* WeekHeaderView.xib in Resources */ = {isa = PBXBuildFile; fileRef = 025E442D1E43210500A20809 /* WeekHeaderView.xib */; };
		026050501E2F685F00026F5B /* LoginViewController.swift in Sources */ = {isa = PBXBuildFile; fileRef = 0249400F1E2F650C002FC473 /* LoginViewController.swift */; };
		026050511E2F685F00026F5B /* AppDelegate.swift in Sources */ = {isa = PBXBuildFile; fileRef = 02493FD81E2F64A3002FC473 /* AppDelegate.swift */; };
		026050521E2F685F00026F5B /* SaveALittle.xcdatamodeld in Sources */ = {isa = PBXBuildFile; fileRef = 02493FDF1E2F64A3002FC473 /* SaveALittle.xcdatamodeld */; };
		026050551E2F685F00026F5B /* LaunchScreen.storyboard in Resources */ = {isa = PBXBuildFile; fileRef = 02493FE41E2F64A3002FC473 /* LaunchScreen.storyboard */; };
		026050561E2F685F00026F5B /* Assets.xcassets in Resources */ = {isa = PBXBuildFile; fileRef = 02F202E31E2F669700566B88 /* Assets.xcassets */; };
		026050571E2F685F00026F5B /* Main.storyboard in Resources */ = {isa = PBXBuildFile; fileRef = 02493FDC1E2F64A3002FC473 /* Main.storyboard */; };
		027033231E41B63E00BD5272 /* MonthViewController.swift in Sources */ = {isa = PBXBuildFile; fileRef = 027033221E41B63E00BD5272 /* MonthViewController.swift */; };
		027033241E41B63E00BD5272 /* MonthViewController.swift in Sources */ = {isa = PBXBuildFile; fileRef = 027033221E41B63E00BD5272 /* MonthViewController.swift */; };
		027033261E41B8AB00BD5272 /* LeftViewController.swift in Sources */ = {isa = PBXBuildFile; fileRef = 027033251E41B8AB00BD5272 /* LeftViewController.swift */; };
		027033271E41B8AB00BD5272 /* LeftViewController.swift in Sources */ = {isa = PBXBuildFile; fileRef = 027033251E41B8AB00BD5272 /* LeftViewController.swift */; };
		027033291E41BBF600BD5272 /* BaseTableViewCell.swift in Sources */ = {isa = PBXBuildFile; fileRef = 027033281E41BBF600BD5272 /* BaseTableViewCell.swift */; };
		0270332A1E41BBF600BD5272 /* BaseTableViewCell.swift in Sources */ = {isa = PBXBuildFile; fileRef = 027033281E41BBF600BD5272 /* BaseTableViewCell.swift */; };
		0270332C1E41BCBF00BD5272 /* String.swift in Sources */ = {isa = PBXBuildFile; fileRef = 0270332B1E41BCBF00BD5272 /* String.swift */; };
		0270332D1E41BCBF00BD5272 /* String.swift in Sources */ = {isa = PBXBuildFile; fileRef = 0270332B1E41BCBF00BD5272 /* String.swift */; };
		0270332F1E41C3FF00BD5272 /* UIViewController.swift in Sources */ = {isa = PBXBuildFile; fileRef = 0270332E1E41C3FF00BD5272 /* UIViewController.swift */; };
		027033301E41C3FF00BD5272 /* UIViewController.swift in Sources */ = {isa = PBXBuildFile; fileRef = 0270332E1E41C3FF00BD5272 /* UIViewController.swift */; };
		027EF4841E3D86E6008318DB /* MonthHeaderCellView.xib in Resources */ = {isa = PBXBuildFile; fileRef = 027EF4831E3D86E6008318DB /* MonthHeaderCellView.xib */; };
		027EF4851E3D86E6008318DB /* MonthHeaderCellView.xib in Resources */ = {isa = PBXBuildFile; fileRef = 027EF4831E3D86E6008318DB /* MonthHeaderCellView.xib */; };
		029266A51E39CEEB00668A1A /* MonthHeaderCell.swift in Sources */ = {isa = PBXBuildFile; fileRef = 029266A41E39CEEB00668A1A /* MonthHeaderCell.swift */; };
		029266A61E39CEEB00668A1A /* MonthHeaderCell.swift in Sources */ = {isa = PBXBuildFile; fileRef = 029266A41E39CEEB00668A1A /* MonthHeaderCell.swift */; };
		029266A81E39D03500668A1A /* DailyTableViewCellView.xib in Resources */ = {isa = PBXBuildFile; fileRef = 029266A71E39D03500668A1A /* DailyTableViewCellView.xib */; };
		029266A91E39D03500668A1A /* DailyTableViewCellView.xib in Resources */ = {isa = PBXBuildFile; fileRef = 029266A71E39D03500668A1A /* DailyTableViewCellView.xib */; };
		029266AB1E39D98E00668A1A /* BaseViewController.swift in Sources */ = {isa = PBXBuildFile; fileRef = 029266AA1E39D98E00668A1A /* BaseViewController.swift */; };
		029266AC1E39D98E00668A1A /* BaseViewController.swift in Sources */ = {isa = PBXBuildFile; fileRef = 029266AA1E39D98E00668A1A /* BaseViewController.swift */; };
		029266AD1E39E24000668A1A /* UIColorExtensions.swift in Sources */ = {isa = PBXBuildFile; fileRef = 02CB04331E3883990029D37D /* UIColorExtensions.swift */; };
		029266B91E39F20600668A1A /* OpenSans-Bold.ttf in Resources */ = {isa = PBXBuildFile; fileRef = 029266AF1E39F20600668A1A /* OpenSans-Bold.ttf */; };
		029266BA1E39F20600668A1A /* OpenSans-Bold.ttf in Resources */ = {isa = PBXBuildFile; fileRef = 029266AF1E39F20600668A1A /* OpenSans-Bold.ttf */; };
		029266BB1E39F20600668A1A /* OpenSans-BoldItalic.ttf in Resources */ = {isa = PBXBuildFile; fileRef = 029266B01E39F20600668A1A /* OpenSans-BoldItalic.ttf */; };
		029266BC1E39F20600668A1A /* OpenSans-BoldItalic.ttf in Resources */ = {isa = PBXBuildFile; fileRef = 029266B01E39F20600668A1A /* OpenSans-BoldItalic.ttf */; };
		029266BD1E39F20600668A1A /* OpenSans-ExtraBold.ttf in Resources */ = {isa = PBXBuildFile; fileRef = 029266B11E39F20600668A1A /* OpenSans-ExtraBold.ttf */; };
		029266BE1E39F20600668A1A /* OpenSans-ExtraBold.ttf in Resources */ = {isa = PBXBuildFile; fileRef = 029266B11E39F20600668A1A /* OpenSans-ExtraBold.ttf */; };
		029266BF1E39F20600668A1A /* OpenSans-ExtraBoldItalic.ttf in Resources */ = {isa = PBXBuildFile; fileRef = 029266B21E39F20600668A1A /* OpenSans-ExtraBoldItalic.ttf */; };
		029266C01E39F20600668A1A /* OpenSans-ExtraBoldItalic.ttf in Resources */ = {isa = PBXBuildFile; fileRef = 029266B21E39F20600668A1A /* OpenSans-ExtraBoldItalic.ttf */; };
		029266C11E39F20600668A1A /* OpenSans-Italic.ttf in Resources */ = {isa = PBXBuildFile; fileRef = 029266B31E39F20600668A1A /* OpenSans-Italic.ttf */; };
		029266C21E39F20600668A1A /* OpenSans-Italic.ttf in Resources */ = {isa = PBXBuildFile; fileRef = 029266B31E39F20600668A1A /* OpenSans-Italic.ttf */; };
		029266C31E39F20600668A1A /* OpenSans-Light.ttf in Resources */ = {isa = PBXBuildFile; fileRef = 029266B41E39F20600668A1A /* OpenSans-Light.ttf */; };
		029266C41E39F20600668A1A /* OpenSans-Light.ttf in Resources */ = {isa = PBXBuildFile; fileRef = 029266B41E39F20600668A1A /* OpenSans-Light.ttf */; };
		029266C51E39F20600668A1A /* OpenSans-LightItalic.ttf in Resources */ = {isa = PBXBuildFile; fileRef = 029266B51E39F20600668A1A /* OpenSans-LightItalic.ttf */; };
		029266C61E39F20600668A1A /* OpenSans-LightItalic.ttf in Resources */ = {isa = PBXBuildFile; fileRef = 029266B51E39F20600668A1A /* OpenSans-LightItalic.ttf */; };
		029266C71E39F20600668A1A /* OpenSans-Regular.ttf in Resources */ = {isa = PBXBuildFile; fileRef = 029266B61E39F20600668A1A /* OpenSans-Regular.ttf */; };
		029266C81E39F20600668A1A /* OpenSans-Regular.ttf in Resources */ = {isa = PBXBuildFile; fileRef = 029266B61E39F20600668A1A /* OpenSans-Regular.ttf */; };
		029266C91E39F20600668A1A /* OpenSans-Semibold.ttf in Resources */ = {isa = PBXBuildFile; fileRef = 029266B71E39F20600668A1A /* OpenSans-Semibold.ttf */; };
		029266CA1E39F20600668A1A /* OpenSans-Semibold.ttf in Resources */ = {isa = PBXBuildFile; fileRef = 029266B71E39F20600668A1A /* OpenSans-Semibold.ttf */; };
		029266CB1E39F20600668A1A /* OpenSans-SemiboldItalic.ttf in Resources */ = {isa = PBXBuildFile; fileRef = 029266B81E39F20600668A1A /* OpenSans-SemiboldItalic.ttf */; };
		029266CC1E39F20600668A1A /* OpenSans-SemiboldItalic.ttf in Resources */ = {isa = PBXBuildFile; fileRef = 029266B81E39F20600668A1A /* OpenSans-SemiboldItalic.ttf */; };
		029FA0D61E30ABD30065E1E5 /* LeftPaddedTextField.swift in Sources */ = {isa = PBXBuildFile; fileRef = 029FA0D51E30ABD30065E1E5 /* LeftPaddedTextField.swift */; };
		029FA0D81E30AC1F0065E1E5 /* LoginCollectionViewCell.swift in Sources */ = {isa = PBXBuildFile; fileRef = 029FA0D71E30AC1F0065E1E5 /* LoginCollectionViewCell.swift */; };
		029FA0D91E30AC1F0065E1E5 /* LoginCollectionViewCell.swift in Sources */ = {isa = PBXBuildFile; fileRef = 029FA0D71E30AC1F0065E1E5 /* LoginCollectionViewCell.swift */; };
		029FA0DA1E30AC260065E1E5 /* LeftPaddedTextField.swift in Sources */ = {isa = PBXBuildFile; fileRef = 029FA0D51E30ABD30065E1E5 /* LeftPaddedTextField.swift */; };
		02CB04341E3883990029D37D /* UIColorExtensions.swift in Sources */ = {isa = PBXBuildFile; fileRef = 02CB04331E3883990029D37D /* UIColorExtensions.swift */; };
		02CB043F1E38A4000029D37D /* DailyTableViewCell.swift in Sources */ = {isa = PBXBuildFile; fileRef = 02CB043E1E38A4000029D37D /* DailyTableViewCell.swift */; };
		02CB04401E38A4000029D37D /* DailyTableViewCell.swift in Sources */ = {isa = PBXBuildFile; fileRef = 02CB043E1E38A4000029D37D /* DailyTableViewCell.swift */; };
		02F202E41E2F669700566B88 /* Assets.xcassets in Resources */ = {isa = PBXBuildFile; fileRef = 02F202E31E2F669700566B88 /* Assets.xcassets */; };
		359BA411DA2AA4D3541D47D2 /* Pods_SaveALittle.framework in Frameworks */ = {isa = PBXBuildFile; fileRef = 3597A57310C9A09B19CD7BE4 /* Pods_SaveALittle.framework */; };
		4E24FC9E4112B928E4AB993F /* Pods_SaveALittleTests.framework in Frameworks */ = {isa = PBXBuildFile; fileRef = E98A04C63939416DBA07193F /* Pods_SaveALittleTests.framework */; };
		7028E89F5B22DFE14A0701A1 /* Pods_SaveALittleDev.framework in Frameworks */ = {isa = PBXBuildFile; fileRef = D1F5C99464004338BE72A036 /* Pods_SaveALittleDev.framework */; };
		F758C91E4D7380BE724833FC /* Pods_SaveALittleUITests.framework in Frameworks */ = {isa = PBXBuildFile; fileRef = 85AE727F58C90DD391D3F018 /* Pods_SaveALittleUITests.framework */; };
/* End PBXBuildFile section */

/* Begin PBXContainerItemProxy section */
		02493FED1E2F64A3002FC473 /* PBXContainerItemProxy */ = {
			isa = PBXContainerItemProxy;
			containerPortal = 02493FCD1E2F64A3002FC473 /* Project object */;
			proxyType = 1;
			remoteGlobalIDString = 02493FD41E2F64A3002FC473;
			remoteInfo = SaveALittle;
		};
		02493FF81E2F64A3002FC473 /* PBXContainerItemProxy */ = {
			isa = PBXContainerItemProxy;
			containerPortal = 02493FCD1E2F64A3002FC473 /* Project object */;
			proxyType = 1;
			remoteGlobalIDString = 02493FD41E2F64A3002FC473;
			remoteInfo = SaveALittle;
		};
/* End PBXContainerItemProxy section */

/* Begin PBXFileReference section */
		023215F41E31F7580025D065 /* HomeViewController.swift */ = {isa = PBXFileReference; fileEncoding = 4; lastKnownFileType = sourcecode.swift; path = HomeViewController.swift; sourceTree = "<group>"; };
		023215F71E31FAB10025D065 /* UserDefaultsExtensions.swift */ = {isa = PBXFileReference; fileEncoding = 4; lastKnownFileType = sourcecode.swift; path = UserDefaultsExtensions.swift; sourceTree = "<group>"; };
		02493FD51E2F64A3002FC473 /* SaveALittle.app */ = {isa = PBXFileReference; explicitFileType = wrapper.application; includeInIndex = 0; path = SaveALittle.app; sourceTree = BUILT_PRODUCTS_DIR; };
		02493FD81E2F64A3002FC473 /* AppDelegate.swift */ = {isa = PBXFileReference; lastKnownFileType = sourcecode.swift; name = AppDelegate.swift; path = ../AppDelegate.swift; sourceTree = "<group>"; };
		02493FDD1E2F64A3002FC473 /* Base */ = {isa = PBXFileReference; lastKnownFileType = file.storyboard; name = Base; path = Base.lproj/Main.storyboard; sourceTree = "<group>"; };
		02493FE01E2F64A3002FC473 /* SaveALittle.xcdatamodel */ = {isa = PBXFileReference; lastKnownFileType = wrapper.xcdatamodel; path = SaveALittle.xcdatamodel; sourceTree = "<group>"; };
		02493FE51E2F64A3002FC473 /* Base */ = {isa = PBXFileReference; lastKnownFileType = file.storyboard; name = Base; path = Base.lproj/LaunchScreen.storyboard; sourceTree = "<group>"; };
		02493FE71E2F64A3002FC473 /* Info.plist */ = {isa = PBXFileReference; lastKnownFileType = text.plist.xml; path = Info.plist; sourceTree = "<group>"; };
		02493FEC1E2F64A3002FC473 /* SaveALittleTests.xctest */ = {isa = PBXFileReference; explicitFileType = wrapper.cfbundle; includeInIndex = 0; path = SaveALittleTests.xctest; sourceTree = BUILT_PRODUCTS_DIR; };
		02493FF01E2F64A3002FC473 /* SaveALittleTests.swift */ = {isa = PBXFileReference; lastKnownFileType = sourcecode.swift; path = SaveALittleTests.swift; sourceTree = "<group>"; };
		02493FF21E2F64A3002FC473 /* Info.plist */ = {isa = PBXFileReference; lastKnownFileType = text.plist.xml; path = Info.plist; sourceTree = "<group>"; };
		02493FF71E2F64A3002FC473 /* SaveALittleUITests.xctest */ = {isa = PBXFileReference; explicitFileType = wrapper.cfbundle; includeInIndex = 0; path = SaveALittleUITests.xctest; sourceTree = BUILT_PRODUCTS_DIR; };
		02493FFB1E2F64A3002FC473 /* SaveALittleUITests.swift */ = {isa = PBXFileReference; lastKnownFileType = sourcecode.swift; path = SaveALittleUITests.swift; sourceTree = "<group>"; };
		02493FFD1E2F64A3002FC473 /* Info.plist */ = {isa = PBXFileReference; lastKnownFileType = text.plist.xml; path = Info.plist; sourceTree = "<group>"; };
		0249400F1E2F650C002FC473 /* LoginViewController.swift */ = {isa = PBXFileReference; fileEncoding = 4; lastKnownFileType = sourcecode.swift; path = LoginViewController.swift; sourceTree = "<group>"; };
		024CE3C11E30948700586D1F /* UIViewExtensions.swift */ = {isa = PBXFileReference; fileEncoding = 4; lastKnownFileType = sourcecode.swift; path = UIViewExtensions.swift; sourceTree = "<group>"; };
		024CE3C41E30988B00586D1F /* Color.swift */ = {isa = PBXFileReference; fileEncoding = 4; lastKnownFileType = sourcecode.swift; path = Color.swift; sourceTree = "<group>"; };
		024CE3C81E30A16700586D1F /* PageCollectionViewCell.swift */ = {isa = PBXFileReference; fileEncoding = 4; lastKnownFileType = sourcecode.swift; path = PageCollectionViewCell.swift; sourceTree = "<group>"; };
		024CE3CC1E30A26F00586D1F /* Page.swift */ = {isa = PBXFileReference; fileEncoding = 4; lastKnownFileType = sourcecode.swift; path = Page.swift; sourceTree = "<group>"; };
		025389271E451BFB00A4ED48 /* UsageProgressView.xib */ = {isa = PBXFileReference; fileEncoding = 4; lastKnownFileType = file.xib; path = UsageProgressView.xib; sourceTree = "<group>"; };
		0253892A1E451E6100A4ED48 /* UsageProgressView.swift */ = {isa = PBXFileReference; fileEncoding = 4; lastKnownFileType = sourcecode.swift; path = UsageProgressView.swift; sourceTree = "<group>"; };
		0253892D1E453C0700A4ED48 /* TransactionTableViewCell.swift */ = {isa = PBXFileReference; fileEncoding = 4; lastKnownFileType = sourcecode.swift; path = TransactionTableViewCell.swift; sourceTree = "<group>"; };
		025389301E453E6B00A4ED48 /* TransactionTableViewCell.xib */ = {isa = PBXFileReference; fileEncoding = 4; lastKnownFileType = file.xib; path = TransactionTableViewCell.xib; sourceTree = "<group>"; };
		025E442A1E43165300A20809 /* WeekHeaderView.swift */ = {isa = PBXFileReference; fileEncoding = 4; lastKnownFileType = sourcecode.swift; path = WeekHeaderView.swift; sourceTree = "<group>"; };
		025E442D1E43210500A20809 /* WeekHeaderView.xib */ = {isa = PBXFileReference; fileEncoding = 4; lastKnownFileType = file.xib; path = WeekHeaderView.xib; sourceTree = "<group>"; };
		0260505B1E2F685F00026F5B /* SaveALittleDev.app */ = {isa = PBXFileReference; explicitFileType = wrapper.application; includeInIndex = 0; path = SaveALittleDev.app; sourceTree = BUILT_PRODUCTS_DIR; };
		0260505D1E2F69CB00026F5B /* Dev-Info.plist */ = {isa = PBXFileReference; lastKnownFileType = text.plist.xml; path = "Dev-Info.plist"; sourceTree = "<group>"; };
		027033221E41B63E00BD5272 /* MonthViewController.swift */ = {isa = PBXFileReference; fileEncoding = 4; lastKnownFileType = sourcecode.swift; path = MonthViewController.swift; sourceTree = "<group>"; };
		027033251E41B8AB00BD5272 /* LeftViewController.swift */ = {isa = PBXFileReference; fileEncoding = 4; lastKnownFileType = sourcecode.swift; path = LeftViewController.swift; sourceTree = "<group>"; };
		027033281E41BBF600BD5272 /* BaseTableViewCell.swift */ = {isa = PBXFileReference; fileEncoding = 4; lastKnownFileType = sourcecode.swift; path = BaseTableViewCell.swift; sourceTree = "<group>"; };
		0270332B1E41BCBF00BD5272 /* String.swift */ = {isa = PBXFileReference; fileEncoding = 4; lastKnownFileType = sourcecode.swift; path = String.swift; sourceTree = "<group>"; };
		0270332E1E41C3FF00BD5272 /* UIViewController.swift */ = {isa = PBXFileReference; fileEncoding = 4; lastKnownFileType = sourcecode.swift; path = UIViewController.swift; sourceTree = "<group>"; };
		027EF4831E3D86E6008318DB /* MonthHeaderCellView.xib */ = {isa = PBXFileReference; fileEncoding = 4; lastKnownFileType = file.xib; path = MonthHeaderCellView.xib; sourceTree = "<group>"; };
		029266A41E39CEEB00668A1A /* MonthHeaderCell.swift */ = {isa = PBXFileReference; fileEncoding = 4; lastKnownFileType = sourcecode.swift; path = MonthHeaderCell.swift; sourceTree = "<group>"; };
		029266A71E39D03500668A1A /* DailyTableViewCellView.xib */ = {isa = PBXFileReference; fileEncoding = 4; lastKnownFileType = file.xib; path = DailyTableViewCellView.xib; sourceTree = "<group>"; };
		029266AA1E39D98E00668A1A /* BaseViewController.swift */ = {isa = PBXFileReference; fileEncoding = 4; lastKnownFileType = sourcecode.swift; path = BaseViewController.swift; sourceTree = "<group>"; };
		029266AF1E39F20600668A1A /* OpenSans-Bold.ttf */ = {isa = PBXFileReference; lastKnownFileType = file; path = "OpenSans-Bold.ttf"; sourceTree = "<group>"; };
		029266B01E39F20600668A1A /* OpenSans-BoldItalic.ttf */ = {isa = PBXFileReference; lastKnownFileType = file; path = "OpenSans-BoldItalic.ttf"; sourceTree = "<group>"; };
		029266B11E39F20600668A1A /* OpenSans-ExtraBold.ttf */ = {isa = PBXFileReference; lastKnownFileType = file; path = "OpenSans-ExtraBold.ttf"; sourceTree = "<group>"; };
		029266B21E39F20600668A1A /* OpenSans-ExtraBoldItalic.ttf */ = {isa = PBXFileReference; lastKnownFileType = file; path = "OpenSans-ExtraBoldItalic.ttf"; sourceTree = "<group>"; };
		029266B31E39F20600668A1A /* OpenSans-Italic.ttf */ = {isa = PBXFileReference; lastKnownFileType = file; path = "OpenSans-Italic.ttf"; sourceTree = "<group>"; };
		029266B41E39F20600668A1A /* OpenSans-Light.ttf */ = {isa = PBXFileReference; lastKnownFileType = file; path = "OpenSans-Light.ttf"; sourceTree = "<group>"; };
		029266B51E39F20600668A1A /* OpenSans-LightItalic.ttf */ = {isa = PBXFileReference; lastKnownFileType = file; path = "OpenSans-LightItalic.ttf"; sourceTree = "<group>"; };
		029266B61E39F20600668A1A /* OpenSans-Regular.ttf */ = {isa = PBXFileReference; lastKnownFileType = file; path = "OpenSans-Regular.ttf"; sourceTree = "<group>"; };
		029266B71E39F20600668A1A /* OpenSans-Semibold.ttf */ = {isa = PBXFileReference; lastKnownFileType = file; path = "OpenSans-Semibold.ttf"; sourceTree = "<group>"; };
		029266B81E39F20600668A1A /* OpenSans-SemiboldItalic.ttf */ = {isa = PBXFileReference; lastKnownFileType = file; path = "OpenSans-SemiboldItalic.ttf"; sourceTree = "<group>"; };
		029FA0D51E30ABD30065E1E5 /* LeftPaddedTextField.swift */ = {isa = PBXFileReference; fileEncoding = 4; lastKnownFileType = sourcecode.swift; path = LeftPaddedTextField.swift; sourceTree = "<group>"; };
		029FA0D71E30AC1F0065E1E5 /* LoginCollectionViewCell.swift */ = {isa = PBXFileReference; fileEncoding = 4; lastKnownFileType = sourcecode.swift; path = LoginCollectionViewCell.swift; sourceTree = "<group>"; };
		02CB04331E3883990029D37D /* UIColorExtensions.swift */ = {isa = PBXFileReference; fileEncoding = 4; lastKnownFileType = sourcecode.swift; path = UIColorExtensions.swift; sourceTree = "<group>"; };
		02CB043E1E38A4000029D37D /* DailyTableViewCell.swift */ = {isa = PBXFileReference; fileEncoding = 4; lastKnownFileType = sourcecode.swift; path = DailyTableViewCell.swift; sourceTree = "<group>"; };
		02F202E31E2F669700566B88 /* Assets.xcassets */ = {isa = PBXFileReference; lastKnownFileType = folder.assetcatalog; path = Assets.xcassets; sourceTree = "<group>"; };
		12D177A039F1ADD9CE08A6EC /* Pods-SaveALittleTests.debug.xcconfig */ = {isa = PBXFileReference; includeInIndex = 1; lastKnownFileType = text.xcconfig; name = "Pods-SaveALittleTests.debug.xcconfig"; path = "Pods/Target Support Files/Pods-SaveALittleTests/Pods-SaveALittleTests.debug.xcconfig"; sourceTree = "<group>"; };
		3271B51488567437B23760CC /* Pods-SaveALittle.release.xcconfig */ = {isa = PBXFileReference; includeInIndex = 1; lastKnownFileType = text.xcconfig; name = "Pods-SaveALittle.release.xcconfig"; path = "Pods/Target Support Files/Pods-SaveALittle/Pods-SaveALittle.release.xcconfig"; sourceTree = "<group>"; };
		3597A57310C9A09B19CD7BE4 /* Pods_SaveALittle.framework */ = {isa = PBXFileReference; explicitFileType = wrapper.framework; includeInIndex = 0; path = Pods_SaveALittle.framework; sourceTree = BUILT_PRODUCTS_DIR; };
		4721DB6E59EED70B887E7C1A /* Pods-SaveALittleUITests.debug.xcconfig */ = {isa = PBXFileReference; includeInIndex = 1; lastKnownFileType = text.xcconfig; name = "Pods-SaveALittleUITests.debug.xcconfig"; path = "Pods/Target Support Files/Pods-SaveALittleUITests/Pods-SaveALittleUITests.debug.xcconfig"; sourceTree = "<group>"; };
		6A18BFD29A9FECAD56261F6E /* Pods-SaveALittleDev.release.xcconfig */ = {isa = PBXFileReference; includeInIndex = 1; lastKnownFileType = text.xcconfig; name = "Pods-SaveALittleDev.release.xcconfig"; path = "Pods/Target Support Files/Pods-SaveALittleDev/Pods-SaveALittleDev.release.xcconfig"; sourceTree = "<group>"; };
		735475B3A64AB734143A4522 /* Pods-SaveALittleTests.release.xcconfig */ = {isa = PBXFileReference; includeInIndex = 1; lastKnownFileType = text.xcconfig; name = "Pods-SaveALittleTests.release.xcconfig"; path = "Pods/Target Support Files/Pods-SaveALittleTests/Pods-SaveALittleTests.release.xcconfig"; sourceTree = "<group>"; };
		85AE727F58C90DD391D3F018 /* Pods_SaveALittleUITests.framework */ = {isa = PBXFileReference; explicitFileType = wrapper.framework; includeInIndex = 0; path = Pods_SaveALittleUITests.framework; sourceTree = BUILT_PRODUCTS_DIR; };
		A11EE9F87D2EF9ED3139CF88 /* Pods-SaveALittleUITests.release.xcconfig */ = {isa = PBXFileReference; includeInIndex = 1; lastKnownFileType = text.xcconfig; name = "Pods-SaveALittleUITests.release.xcconfig"; path = "Pods/Target Support Files/Pods-SaveALittleUITests/Pods-SaveALittleUITests.release.xcconfig"; sourceTree = "<group>"; };
		AFDBBE90CC75F07551F84676 /* Pods-SaveALittleDev.debug.xcconfig */ = {isa = PBXFileReference; includeInIndex = 1; lastKnownFileType = text.xcconfig; name = "Pods-SaveALittleDev.debug.xcconfig"; path = "Pods/Target Support Files/Pods-SaveALittleDev/Pods-SaveALittleDev.debug.xcconfig"; sourceTree = "<group>"; };
		D1F5C99464004338BE72A036 /* Pods_SaveALittleDev.framework */ = {isa = PBXFileReference; explicitFileType = wrapper.framework; includeInIndex = 0; path = Pods_SaveALittleDev.framework; sourceTree = BUILT_PRODUCTS_DIR; };
		DA8599943F1144410F92B64D /* Pods-SaveALittle.debug.xcconfig */ = {isa = PBXFileReference; includeInIndex = 1; lastKnownFileType = text.xcconfig; name = "Pods-SaveALittle.debug.xcconfig"; path = "Pods/Target Support Files/Pods-SaveALittle/Pods-SaveALittle.debug.xcconfig"; sourceTree = "<group>"; };
		E98A04C63939416DBA07193F /* Pods_SaveALittleTests.framework */ = {isa = PBXFileReference; explicitFileType = wrapper.framework; includeInIndex = 0; path = Pods_SaveALittleTests.framework; sourceTree = BUILT_PRODUCTS_DIR; };
/* End PBXFileReference section */

/* Begin PBXFrameworksBuildPhase section */
		02493FD21E2F64A3002FC473 /* Frameworks */ = {
			isa = PBXFrameworksBuildPhase;
			buildActionMask = 2147483647;
			files = (
				359BA411DA2AA4D3541D47D2 /* Pods_SaveALittle.framework in Frameworks */,
			);
			runOnlyForDeploymentPostprocessing = 0;
		};
		02493FE91E2F64A3002FC473 /* Frameworks */ = {
			isa = PBXFrameworksBuildPhase;
			buildActionMask = 2147483647;
			files = (
				4E24FC9E4112B928E4AB993F /* Pods_SaveALittleTests.framework in Frameworks */,
			);
			runOnlyForDeploymentPostprocessing = 0;
		};
		02493FF41E2F64A3002FC473 /* Frameworks */ = {
			isa = PBXFrameworksBuildPhase;
			buildActionMask = 2147483647;
			files = (
				F758C91E4D7380BE724833FC /* Pods_SaveALittleUITests.framework in Frameworks */,
			);
			runOnlyForDeploymentPostprocessing = 0;
		};
		026050531E2F685F00026F5B /* Frameworks */ = {
			isa = PBXFrameworksBuildPhase;
			buildActionMask = 2147483647;
			files = (
				7028E89F5B22DFE14A0701A1 /* Pods_SaveALittleDev.framework in Frameworks */,
			);
			runOnlyForDeploymentPostprocessing = 0;
		};
/* End PBXFrameworksBuildPhase section */

/* Begin PBXGroup section */
		02493FCC1E2F64A3002FC473 = {
			isa = PBXGroup;
			children = (
				02493FD71E2F64A3002FC473 /* SaveALittle */,
				02493FEF1E2F64A3002FC473 /* SaveALittleTests */,
				02493FFA1E2F64A3002FC473 /* SaveALittleUITests */,
				02493FD61E2F64A3002FC473 /* Products */,
				68EB276F6DCBD455B5D8E78D /* Pods */,
				775360057D5F959A2BDD4931 /* Frameworks */,
			);
			sourceTree = "<group>";
		};
		02493FD61E2F64A3002FC473 /* Products */ = {
			isa = PBXGroup;
			children = (
				02493FD51E2F64A3002FC473 /* SaveALittle.app */,
				02493FEC1E2F64A3002FC473 /* SaveALittleTests.xctest */,
				02493FF71E2F64A3002FC473 /* SaveALittleUITests.xctest */,
				0260505B1E2F685F00026F5B /* SaveALittleDev.app */,
			);
			name = Products;
			sourceTree = "<group>";
		};
		02493FD71E2F64A3002FC473 /* SaveALittle */ = {
			isa = PBXGroup;
			children = (
				024940091E2F64F1002FC473 /* Classes */,
				02F202E21E2F668100566B88 /* Resources */,
				02493FDC1E2F64A3002FC473 /* Main.storyboard */,
				02493FE41E2F64A3002FC473 /* LaunchScreen.storyboard */,
				0260505D1E2F69CB00026F5B /* Dev-Info.plist */,
				02493FE71E2F64A3002FC473 /* Info.plist */,
				02493FDF1E2F64A3002FC473 /* SaveALittle.xcdatamodeld */,
			);
			path = SaveALittle;
			sourceTree = "<group>";
		};
		02493FEF1E2F64A3002FC473 /* SaveALittleTests */ = {
			isa = PBXGroup;
			children = (
				02493FF01E2F64A3002FC473 /* SaveALittleTests.swift */,
				02493FF21E2F64A3002FC473 /* Info.plist */,
			);
			path = SaveALittleTests;
			sourceTree = "<group>";
		};
		02493FFA1E2F64A3002FC473 /* SaveALittleUITests */ = {
			isa = PBXGroup;
			children = (
				02493FFB1E2F64A3002FC473 /* SaveALittleUITests.swift */,
				02493FFD1E2F64A3002FC473 /* Info.plist */,
			);
			path = SaveALittleUITests;
			sourceTree = "<group>";
		};
		024940091E2F64F1002FC473 /* Classes */ = {
			isa = PBXGroup;
			children = (
				024CE3CB1E30A20000586D1F /* Models */,
				024CE3C71E30A11B00586D1F /* Views */,
				024CE3C01E30945C00586D1F /* Helpers */,
				0249400A1E2F64F1002FC473 /* Controllers */,
				02493FD81E2F64A3002FC473 /* AppDelegate.swift */,
			);
			path = Classes;
			sourceTree = "<group>";
		};
		0249400A1E2F64F1002FC473 /* Controllers */ = {
			isa = PBXGroup;
			children = (
				0249400F1E2F650C002FC473 /* LoginViewController.swift */,
				023215F41E31F7580025D065 /* HomeViewController.swift */,
				029266AA1E39D98E00668A1A /* BaseViewController.swift */,
				027033221E41B63E00BD5272 /* MonthViewController.swift */,
				027033251E41B8AB00BD5272 /* LeftViewController.swift */,
			);
			path = Controllers;
			sourceTree = "<group>";
		};
		024CE3C01E30945C00586D1F /* Helpers */ = {
			isa = PBXGroup;
			children = (
				0270332E1E41C3FF00BD5272 /* UIViewController.swift */,
				0270332B1E41BCBF00BD5272 /* String.swift */,
				024CE3C11E30948700586D1F /* UIViewExtensions.swift */,
				024CE3C41E30988B00586D1F /* Color.swift */,
				023215F71E31FAB10025D065 /* UserDefaultsExtensions.swift */,
				02CB04331E3883990029D37D /* UIColorExtensions.swift */,
			);
			path = Helpers;
			sourceTree = "<group>";
		};
		024CE3C71E30A11B00586D1F /* Views */ = {
			isa = PBXGroup;
			children = (
				027033281E41BBF600BD5272 /* BaseTableViewCell.swift */,
				024CE3C81E30A16700586D1F /* PageCollectionViewCell.swift */,
				029FA0D51E30ABD30065E1E5 /* LeftPaddedTextField.swift */,
				029FA0D71E30AC1F0065E1E5 /* LoginCollectionViewCell.swift */,
				02CB043E1E38A4000029D37D /* DailyTableViewCell.swift */,
				029266A41E39CEEB00668A1A /* MonthHeaderCell.swift */,
				029266A71E39D03500668A1A /* DailyTableViewCellView.xib */,
				027EF4831E3D86E6008318DB /* MonthHeaderCellView.xib */,
				025E442A1E43165300A20809 /* WeekHeaderView.swift */,
				025E442D1E43210500A20809 /* WeekHeaderView.xib */,
				025389271E451BFB00A4ED48 /* UsageProgressView.xib */,
				0253892A1E451E6100A4ED48 /* UsageProgressView.swift */,
				0253892D1E453C0700A4ED48 /* TransactionTableViewCell.swift */,
				025389301E453E6B00A4ED48 /* TransactionTableViewCell.xib */,
			);
			path = Views;
			sourceTree = "<group>";
		};
		024CE3CB1E30A20000586D1F /* Models */ = {
			isa = PBXGroup;
			children = (
				024CE3CC1E30A26F00586D1F /* Page.swift */,
			);
			path = Models;
			sourceTree = "<group>";
		};
		029266AE1E39F20600668A1A /* Fonts */ = {
			isa = PBXGroup;
			children = (
				029266AF1E39F20600668A1A /* OpenSans-Bold.ttf */,
				029266B01E39F20600668A1A /* OpenSans-BoldItalic.ttf */,
				029266B11E39F20600668A1A /* OpenSans-ExtraBold.ttf */,
				029266B21E39F20600668A1A /* OpenSans-ExtraBoldItalic.ttf */,
				029266B31E39F20600668A1A /* OpenSans-Italic.ttf */,
				029266B41E39F20600668A1A /* OpenSans-Light.ttf */,
				029266B51E39F20600668A1A /* OpenSans-LightItalic.ttf */,
				029266B61E39F20600668A1A /* OpenSans-Regular.ttf */,
				029266B71E39F20600668A1A /* OpenSans-Semibold.ttf */,
				029266B81E39F20600668A1A /* OpenSans-SemiboldItalic.ttf */,
			);
			path = Fonts;
			sourceTree = "<group>";
		};
		02F202E21E2F668100566B88 /* Resources */ = {
			isa = PBXGroup;
			children = (
				02F202E31E2F669700566B88 /* Assets.xcassets */,
				029266AE1E39F20600668A1A /* Fonts */,
			);
			path = Resources;
			sourceTree = "<group>";
		};
		68EB276F6DCBD455B5D8E78D /* Pods */ = {
			isa = PBXGroup;
			children = (
				DA8599943F1144410F92B64D /* Pods-SaveALittle.debug.xcconfig */,
				3271B51488567437B23760CC /* Pods-SaveALittle.release.xcconfig */,
				AFDBBE90CC75F07551F84676 /* Pods-SaveALittleDev.debug.xcconfig */,
				6A18BFD29A9FECAD56261F6E /* Pods-SaveALittleDev.release.xcconfig */,
				12D177A039F1ADD9CE08A6EC /* Pods-SaveALittleTests.debug.xcconfig */,
				735475B3A64AB734143A4522 /* Pods-SaveALittleTests.release.xcconfig */,
				4721DB6E59EED70B887E7C1A /* Pods-SaveALittleUITests.debug.xcconfig */,
				A11EE9F87D2EF9ED3139CF88 /* Pods-SaveALittleUITests.release.xcconfig */,
			);
			name = Pods;
			sourceTree = "<group>";
		};
		775360057D5F959A2BDD4931 /* Frameworks */ = {
			isa = PBXGroup;
			children = (
				3597A57310C9A09B19CD7BE4 /* Pods_SaveALittle.framework */,
				D1F5C99464004338BE72A036 /* Pods_SaveALittleDev.framework */,
				E98A04C63939416DBA07193F /* Pods_SaveALittleTests.framework */,
				85AE727F58C90DD391D3F018 /* Pods_SaveALittleUITests.framework */,
			);
			name = Frameworks;
			sourceTree = "<group>";
		};
/* End PBXGroup section */

/* Begin PBXNativeTarget section */
		02493FD41E2F64A3002FC473 /* SaveALittle */ = {
			isa = PBXNativeTarget;
			buildConfigurationList = 024940001E2F64A3002FC473 /* Build configuration list for PBXNativeTarget "SaveALittle" */;
			buildPhases = (
				2042FAD50A014437D0F70204 /* [CP] Check Pods Manifest.lock */,
				02493FD11E2F64A3002FC473 /* Sources */,
				02493FD21E2F64A3002FC473 /* Frameworks */,
				02493FD31E2F64A3002FC473 /* Resources */,
				7636B9B22D2CFEDFB58ECBCB /* [CP] Embed Pods Frameworks */,
				A0A998D6A509365ACF40869E /* [CP] Copy Pods Resources */,
			);
			buildRules = (
			);
			dependencies = (
			);
			name = SaveALittle;
			productName = SaveALittle;
			productReference = 02493FD51E2F64A3002FC473 /* SaveALittle.app */;
			productType = "com.apple.product-type.application";
		};
		02493FEB1E2F64A3002FC473 /* SaveALittleTests */ = {
			isa = PBXNativeTarget;
			buildConfigurationList = 024940031E2F64A3002FC473 /* Build configuration list for PBXNativeTarget "SaveALittleTests" */;
			buildPhases = (
				2045884CEC6FE3970BD82AB1 /* [CP] Check Pods Manifest.lock */,
				02493FE81E2F64A3002FC473 /* Sources */,
				02493FE91E2F64A3002FC473 /* Frameworks */,
				02493FEA1E2F64A3002FC473 /* Resources */,
				A4D72A593D9A11F5B6CE7DB8 /* [CP] Embed Pods Frameworks */,
				A8397A1F64219807241C26F2 /* [CP] Copy Pods Resources */,
			);
			buildRules = (
			);
			dependencies = (
				02493FEE1E2F64A3002FC473 /* PBXTargetDependency */,
			);
			name = SaveALittleTests;
			productName = SaveALittleTests;
			productReference = 02493FEC1E2F64A3002FC473 /* SaveALittleTests.xctest */;
			productType = "com.apple.product-type.bundle.unit-test";
		};
		02493FF61E2F64A3002FC473 /* SaveALittleUITests */ = {
			isa = PBXNativeTarget;
			buildConfigurationList = 024940061E2F64A3002FC473 /* Build configuration list for PBXNativeTarget "SaveALittleUITests" */;
			buildPhases = (
				001A66E6C9FB59CD449C5BE8 /* [CP] Check Pods Manifest.lock */,
				02493FF31E2F64A3002FC473 /* Sources */,
				02493FF41E2F64A3002FC473 /* Frameworks */,
				02493FF51E2F64A3002FC473 /* Resources */,
				45316383E6F69743B628B660 /* [CP] Embed Pods Frameworks */,
				BCFA523C3C3FB878C897EC5A /* [CP] Copy Pods Resources */,
			);
			buildRules = (
			);
			dependencies = (
				02493FF91E2F64A3002FC473 /* PBXTargetDependency */,
			);
			name = SaveALittleUITests;
			productName = SaveALittleUITests;
			productReference = 02493FF71E2F64A3002FC473 /* SaveALittleUITests.xctest */;
			productType = "com.apple.product-type.bundle.ui-testing";
		};
		0260504E1E2F685F00026F5B /* SaveALittleDev */ = {
			isa = PBXNativeTarget;
			buildConfigurationList = 026050581E2F685F00026F5B /* Build configuration list for PBXNativeTarget "SaveALittleDev" */;
			buildPhases = (
				80ACE857AEF28DFDBEDF3090 /* [CP] Check Pods Manifest.lock */,
				0260504F1E2F685F00026F5B /* Sources */,
				026050531E2F685F00026F5B /* Frameworks */,
				026050541E2F685F00026F5B /* Resources */,
				F812460C113244B305AA2D88 /* [CP] Embed Pods Frameworks */,
				9DB99D831EFB5CDCA10844E2 /* [CP] Copy Pods Resources */,
			);
			buildRules = (
			);
			dependencies = (
			);
			name = SaveALittleDev;
			productName = SaveALittle;
			productReference = 0260505B1E2F685F00026F5B /* SaveALittleDev.app */;
			productType = "com.apple.product-type.application";
		};
/* End PBXNativeTarget section */

/* Begin PBXProject section */
		02493FCD1E2F64A3002FC473 /* Project object */ = {
			isa = PBXProject;
			attributes = {
				LastSwiftUpdateCheck = 0820;
				LastUpgradeCheck = 0820;
				ORGANIZATIONNAME = DevWithLove.com;
				TargetAttributes = {
					02493FD41E2F64A3002FC473 = {
						CreatedOnToolsVersion = 8.2.1;
						DevelopmentTeam = 3PHP3XA64F;
						ProvisioningStyle = Automatic;
					};
					02493FEB1E2F64A3002FC473 = {
						CreatedOnToolsVersion = 8.2.1;
						ProvisioningStyle = Automatic;
						TestTargetID = 02493FD41E2F64A3002FC473;
					};
					02493FF61E2F64A3002FC473 = {
						CreatedOnToolsVersion = 8.2.1;
						ProvisioningStyle = Automatic;
						TestTargetID = 02493FD41E2F64A3002FC473;
					};
					0260504E1E2F685F00026F5B = {
						DevelopmentTeam = 3PHP3XA64F;
					};
				};
			};
			buildConfigurationList = 02493FD01E2F64A3002FC473 /* Build configuration list for PBXProject "SaveALittle" */;
			compatibilityVersion = "Xcode 3.2";
			developmentRegion = English;
			hasScannedForEncodings = 0;
			knownRegions = (
				en,
				Base,
			);
			mainGroup = 02493FCC1E2F64A3002FC473;
			productRefGroup = 02493FD61E2F64A3002FC473 /* Products */;
			projectDirPath = "";
			projectRoot = "";
			targets = (
				02493FD41E2F64A3002FC473 /* SaveALittle */,
				0260504E1E2F685F00026F5B /* SaveALittleDev */,
				02493FEB1E2F64A3002FC473 /* SaveALittleTests */,
				02493FF61E2F64A3002FC473 /* SaveALittleUITests */,
			);
		};
/* End PBXProject section */

/* Begin PBXResourcesBuildPhase section */
		02493FD31E2F64A3002FC473 /* Resources */ = {
			isa = PBXResourcesBuildPhase;
			buildActionMask = 2147483647;
			files = (
				029266C11E39F20600668A1A /* OpenSans-Italic.ttf in Resources */,
				029266BB1E39F20600668A1A /* OpenSans-BoldItalic.ttf in Resources */,
				029266A81E39D03500668A1A /* DailyTableViewCellView.xib in Resources */,
				025E442E1E43210500A20809 /* WeekHeaderView.xib in Resources */,
				025389311E453E6B00A4ED48 /* TransactionTableViewCell.xib in Resources */,
				029266C91E39F20600668A1A /* OpenSans-Semibold.ttf in Resources */,
				029266BD1E39F20600668A1A /* OpenSans-ExtraBold.ttf in Resources */,
				02493FE61E2F64A3002FC473 /* LaunchScreen.storyboard in Resources */,
				029266C51E39F20600668A1A /* OpenSans-LightItalic.ttf in Resources */,
				02F202E41E2F669700566B88 /* Assets.xcassets in Resources */,
				027EF4841E3D86E6008318DB /* MonthHeaderCellView.xib in Resources */,
				029266B91E39F20600668A1A /* OpenSans-Bold.ttf in Resources */,
				02493FDE1E2F64A3002FC473 /* Main.storyboard in Resources */,
				029266CB1E39F20600668A1A /* OpenSans-SemiboldItalic.ttf in Resources */,
				029266C31E39F20600668A1A /* OpenSans-Light.ttf in Resources */,
				025389281E451BFB00A4ED48 /* UsageProgressView.xib in Resources */,
				029266C71E39F20600668A1A /* OpenSans-Regular.ttf in Resources */,
				029266BF1E39F20600668A1A /* OpenSans-ExtraBoldItalic.ttf in Resources */,
			);
			runOnlyForDeploymentPostprocessing = 0;
		};
		02493FEA1E2F64A3002FC473 /* Resources */ = {
			isa = PBXResourcesBuildPhase;
			buildActionMask = 2147483647;
			files = (
			);
			runOnlyForDeploymentPostprocessing = 0;
		};
		02493FF51E2F64A3002FC473 /* Resources */ = {
			isa = PBXResourcesBuildPhase;
			buildActionMask = 2147483647;
			files = (
			);
			runOnlyForDeploymentPostprocessing = 0;
		};
		026050541E2F685F00026F5B /* Resources */ = {
			isa = PBXResourcesBuildPhase;
			buildActionMask = 2147483647;
			files = (
				029266C21E39F20600668A1A /* OpenSans-Italic.ttf in Resources */,
				029266BC1E39F20600668A1A /* OpenSans-BoldItalic.ttf in Resources */,
				029266A91E39D03500668A1A /* DailyTableViewCellView.xib in Resources */,
				025E442F1E43210500A20809 /* WeekHeaderView.xib in Resources */,
				025389321E453E6B00A4ED48 /* TransactionTableViewCell.xib in Resources */,
				029266CA1E39F20600668A1A /* OpenSans-Semibold.ttf in Resources */,
				029266BE1E39F20600668A1A /* OpenSans-ExtraBold.ttf in Resources */,
				026050551E2F685F00026F5B /* LaunchScreen.storyboard in Resources */,
				029266C61E39F20600668A1A /* OpenSans-LightItalic.ttf in Resources */,
				026050561E2F685F00026F5B /* Assets.xcassets in Resources */,
				027EF4851E3D86E6008318DB /* MonthHeaderCellView.xib in Resources */,
				029266BA1E39F20600668A1A /* OpenSans-Bold.ttf in Resources */,
				026050571E2F685F00026F5B /* Main.storyboard in Resources */,
				029266CC1E39F20600668A1A /* OpenSans-SemiboldItalic.ttf in Resources */,
				029266C41E39F20600668A1A /* OpenSans-Light.ttf in Resources */,
				025389291E451BFB00A4ED48 /* UsageProgressView.xib in Resources */,
				029266C81E39F20600668A1A /* OpenSans-Regular.ttf in Resources */,
				029266C01E39F20600668A1A /* OpenSans-ExtraBoldItalic.ttf in Resources */,
			);
			runOnlyForDeploymentPostprocessing = 0;
		};
/* End PBXResourcesBuildPhase section */

/* Begin PBXShellScriptBuildPhase section */
		001A66E6C9FB59CD449C5BE8 /* [CP] Check Pods Manifest.lock */ = {
			isa = PBXShellScriptBuildPhase;
			buildActionMask = 2147483647;
			files = (
			);
			inputPaths = (
			);
			name = "[CP] Check Pods Manifest.lock";
			outputPaths = (
			);
			runOnlyForDeploymentPostprocessing = 0;
			shellPath = /bin/sh;
			shellScript = "diff \"${PODS_ROOT}/../Podfile.lock\" \"${PODS_ROOT}/Manifest.lock\" > /dev/null\nif [ $? != 0 ] ; then\n    # print error to STDERR\n    echo \"error: The sandbox is not in sync with the Podfile.lock. Run 'pod install' or update your CocoaPods installation.\" >&2\n    exit 1\nfi\n";
			showEnvVarsInLog = 0;
		};
		2042FAD50A014437D0F70204 /* [CP] Check Pods Manifest.lock */ = {
			isa = PBXShellScriptBuildPhase;
			buildActionMask = 2147483647;
			files = (
			);
			inputPaths = (
			);
			name = "[CP] Check Pods Manifest.lock";
			outputPaths = (
			);
			runOnlyForDeploymentPostprocessing = 0;
			shellPath = /bin/sh;
			shellScript = "diff \"${PODS_ROOT}/../Podfile.lock\" \"${PODS_ROOT}/Manifest.lock\" > /dev/null\nif [ $? != 0 ] ; then\n    # print error to STDERR\n    echo \"error: The sandbox is not in sync with the Podfile.lock. Run 'pod install' or update your CocoaPods installation.\" >&2\n    exit 1\nfi\n";
			showEnvVarsInLog = 0;
		};
		2045884CEC6FE3970BD82AB1 /* [CP] Check Pods Manifest.lock */ = {
			isa = PBXShellScriptBuildPhase;
			buildActionMask = 2147483647;
			files = (
			);
			inputPaths = (
			);
			name = "[CP] Check Pods Manifest.lock";
			outputPaths = (
			);
			runOnlyForDeploymentPostprocessing = 0;
			shellPath = /bin/sh;
			shellScript = "diff \"${PODS_ROOT}/../Podfile.lock\" \"${PODS_ROOT}/Manifest.lock\" > /dev/null\nif [ $? != 0 ] ; then\n    # print error to STDERR\n    echo \"error: The sandbox is not in sync with the Podfile.lock. Run 'pod install' or update your CocoaPods installation.\" >&2\n    exit 1\nfi\n";
			showEnvVarsInLog = 0;
		};
		45316383E6F69743B628B660 /* [CP] Embed Pods Frameworks */ = {
			isa = PBXShellScriptBuildPhase;
			buildActionMask = 2147483647;
			files = (
			);
			inputPaths = (
			);
			name = "[CP] Embed Pods Frameworks";
			outputPaths = (
			);
			runOnlyForDeploymentPostprocessing = 0;
			shellPath = /bin/sh;
			shellScript = "\"${SRCROOT}/Pods/Target Support Files/Pods-SaveALittleUITests/Pods-SaveALittleUITests-frameworks.sh\"\n";
			showEnvVarsInLog = 0;
		};
		7636B9B22D2CFEDFB58ECBCB /* [CP] Embed Pods Frameworks */ = {
			isa = PBXShellScriptBuildPhase;
			buildActionMask = 2147483647;
			files = (
			);
			inputPaths = (
			);
			name = "[CP] Embed Pods Frameworks";
			outputPaths = (
			);
			runOnlyForDeploymentPostprocessing = 0;
			shellPath = /bin/sh;
			shellScript = "\"${SRCROOT}/Pods/Target Support Files/Pods-SaveALittle/Pods-SaveALittle-frameworks.sh\"\n";
			showEnvVarsInLog = 0;
		};
		80ACE857AEF28DFDBEDF3090 /* [CP] Check Pods Manifest.lock */ = {
			isa = PBXShellScriptBuildPhase;
			buildActionMask = 2147483647;
			files = (
			);
			inputPaths = (
			);
			name = "[CP] Check Pods Manifest.lock";
			outputPaths = (
			);
			runOnlyForDeploymentPostprocessing = 0;
			shellPath = /bin/sh;
			shellScript = "diff \"${PODS_ROOT}/../Podfile.lock\" \"${PODS_ROOT}/Manifest.lock\" > /dev/null\nif [ $? != 0 ] ; then\n    # print error to STDERR\n    echo \"error: The sandbox is not in sync with the Podfile.lock. Run 'pod install' or update your CocoaPods installation.\" >&2\n    exit 1\nfi\n";
			showEnvVarsInLog = 0;
		};
		9DB99D831EFB5CDCA10844E2 /* [CP] Copy Pods Resources */ = {
			isa = PBXShellScriptBuildPhase;
			buildActionMask = 2147483647;
			files = (
			);
			inputPaths = (
			);
			name = "[CP] Copy Pods Resources";
			outputPaths = (
			);
			runOnlyForDeploymentPostprocessing = 0;
			shellPath = /bin/sh;
			shellScript = "\"${SRCROOT}/Pods/Target Support Files/Pods-SaveALittleDev/Pods-SaveALittleDev-resources.sh\"\n";
			showEnvVarsInLog = 0;
		};
		A0A998D6A509365ACF40869E /* [CP] Copy Pods Resources */ = {
			isa = PBXShellScriptBuildPhase;
			buildActionMask = 2147483647;
			files = (
			);
			inputPaths = (
			);
			name = "[CP] Copy Pods Resources";
			outputPaths = (
			);
			runOnlyForDeploymentPostprocessing = 0;
			shellPath = /bin/sh;
			shellScript = "\"${SRCROOT}/Pods/Target Support Files/Pods-SaveALittle/Pods-SaveALittle-resources.sh\"\n";
			showEnvVarsInLog = 0;
		};
		A4D72A593D9A11F5B6CE7DB8 /* [CP] Embed Pods Frameworks */ = {
			isa = PBXShellScriptBuildPhase;
			buildActionMask = 2147483647;
			files = (
			);
			inputPaths = (
			);
			name = "[CP] Embed Pods Frameworks";
			outputPaths = (
			);
			runOnlyForDeploymentPostprocessing = 0;
			shellPath = /bin/sh;
			shellScript = "\"${SRCROOT}/Pods/Target Support Files/Pods-SaveALittleTests/Pods-SaveALittleTests-frameworks.sh\"\n";
			showEnvVarsInLog = 0;
		};
		A8397A1F64219807241C26F2 /* [CP] Copy Pods Resources */ = {
			isa = PBXShellScriptBuildPhase;
			buildActionMask = 2147483647;
			files = (
			);
			inputPaths = (
			);
			name = "[CP] Copy Pods Resources";
			outputPaths = (
			);
			runOnlyForDeploymentPostprocessing = 0;
			shellPath = /bin/sh;
			shellScript = "\"${SRCROOT}/Pods/Target Support Files/Pods-SaveALittleTests/Pods-SaveALittleTests-resources.sh\"\n";
			showEnvVarsInLog = 0;
		};
		BCFA523C3C3FB878C897EC5A /* [CP] Copy Pods Resources */ = {
			isa = PBXShellScriptBuildPhase;
			buildActionMask = 2147483647;
			files = (
			);
			inputPaths = (
			);
			name = "[CP] Copy Pods Resources";
			outputPaths = (
			);
			runOnlyForDeploymentPostprocessing = 0;
			shellPath = /bin/sh;
			shellScript = "\"${SRCROOT}/Pods/Target Support Files/Pods-SaveALittleUITests/Pods-SaveALittleUITests-resources.sh\"\n";
			showEnvVarsInLog = 0;
		};
		F812460C113244B305AA2D88 /* [CP] Embed Pods Frameworks */ = {
			isa = PBXShellScriptBuildPhase;
			buildActionMask = 2147483647;
			files = (
			);
			inputPaths = (
			);
			name = "[CP] Embed Pods Frameworks";
			outputPaths = (
			);
			runOnlyForDeploymentPostprocessing = 0;
			shellPath = /bin/sh;
			shellScript = "\"${SRCROOT}/Pods/Target Support Files/Pods-SaveALittleDev/Pods-SaveALittleDev-frameworks.sh\"\n";
			showEnvVarsInLog = 0;
		};
/* End PBXShellScriptBuildPhase section */

/* Begin PBXSourcesBuildPhase section */
		02493FD11E2F64A3002FC473 /* Sources */ = {
			isa = PBXSourcesBuildPhase;
			buildActionMask = 2147483647;
			files = (
				0270332C1E41BCBF00BD5272 /* String.swift in Sources */,
				024940101E2F650C002FC473 /* LoginViewController.swift in Sources */,
				02493FD91E2F64A3002FC473 /* AppDelegate.swift in Sources */,
				029FA0D61E30ABD30065E1E5 /* LeftPaddedTextField.swift in Sources */,
				02CB04341E3883990029D37D /* UIColorExtensions.swift in Sources */,
				027033291E41BBF600BD5272 /* BaseTableViewCell.swift in Sources */,
				029266A51E39CEEB00668A1A /* MonthHeaderCell.swift in Sources */,
				0253892B1E451E6100A4ED48 /* UsageProgressView.swift in Sources */,
				029266AB1E39D98E00668A1A /* BaseViewController.swift in Sources */,
				029FA0D81E30AC1F0065E1E5 /* LoginCollectionViewCell.swift in Sources */,
				024CE3C21E30948700586D1F /* UIViewExtensions.swift in Sources */,
				023215F81E31FAB10025D065 /* UserDefaultsExtensions.swift in Sources */,
				027033231E41B63E00BD5272 /* MonthViewController.swift in Sources */,
				027033261E41B8AB00BD5272 /* LeftViewController.swift in Sources */,
				023215F51E31F7580025D065 /* HomeViewController.swift in Sources */,
				0253892E1E453C0700A4ED48 /* TransactionTableViewCell.swift in Sources */,
				025E442B1E43165300A20809 /* WeekHeaderView.swift in Sources */,
				0270332F1E41C3FF00BD5272 /* UIViewController.swift in Sources */,
				02CB043F1E38A4000029D37D /* DailyTableViewCell.swift in Sources */,
				024CE3C51E30988B00586D1F /* Color.swift in Sources */,
				024CE3CD1E30A26F00586D1F /* Page.swift in Sources */,
				02493FE11E2F64A3002FC473 /* SaveALittle.xcdatamodeld in Sources */,
				024CE3C91E30A16700586D1F /* PageCollectionViewCell.swift in Sources */,
			);
			runOnlyForDeploymentPostprocessing = 0;
		};
		02493FE81E2F64A3002FC473 /* Sources */ = {
			isa = PBXSourcesBuildPhase;
			buildActionMask = 2147483647;
			files = (
				02493FF11E2F64A3002FC473 /* SaveALittleTests.swift in Sources */,
			);
			runOnlyForDeploymentPostprocessing = 0;
		};
		02493FF31E2F64A3002FC473 /* Sources */ = {
			isa = PBXSourcesBuildPhase;
			buildActionMask = 2147483647;
			files = (
				02493FFC1E2F64A3002FC473 /* SaveALittleUITests.swift in Sources */,
			);
			runOnlyForDeploymentPostprocessing = 0;
		};
		0260504F1E2F685F00026F5B /* Sources */ = {
			isa = PBXSourcesBuildPhase;
			buildActionMask = 2147483647;
			files = (
				0270332D1E41BCBF00BD5272 /* String.swift in Sources */,
				029FA0D91E30AC1F0065E1E5 /* LoginCollectionViewCell.swift in Sources */,
				026050501E2F685F00026F5B /* LoginViewController.swift in Sources */,
				026050511E2F685F00026F5B /* AppDelegate.swift in Sources */,
				024CE3C31E30948700586D1F /* UIViewExtensions.swift in Sources */,
				0270332A1E41BBF600BD5272 /* BaseTableViewCell.swift in Sources */,
				024CE3C61E30988B00586D1F /* Color.swift in Sources */,
				0253892C1E451E6100A4ED48 /* UsageProgressView.swift in Sources */,
				029266AC1E39D98E00668A1A /* BaseViewController.swift in Sources */,
				023215F91E31FAB10025D065 /* UserDefaultsExtensions.swift in Sources */,
				023215F61E31F7580025D065 /* HomeViewController.swift in Sources */,
				029FA0DA1E30AC260065E1E5 /* LeftPaddedTextField.swift in Sources */,
				027033241E41B63E00BD5272 /* MonthViewController.swift in Sources */,
				027033271E41B8AB00BD5272 /* LeftViewController.swift in Sources */,
				029266AD1E39E24000668A1A /* UIColorExtensions.swift in Sources */,
				0253892F1E453C0700A4ED48 /* TransactionTableViewCell.swift in Sources */,
				025E442C1E43165300A20809 /* WeekHeaderView.swift in Sources */,
				027033301E41C3FF00BD5272 /* UIViewController.swift in Sources */,
				024CE3CE1E30A26F00586D1F /* Page.swift in Sources */,
				02CB04401E38A4000029D37D /* DailyTableViewCell.swift in Sources */,
				029266A61E39CEEB00668A1A /* MonthHeaderCell.swift in Sources */,
				026050521E2F685F00026F5B /* SaveALittle.xcdatamodeld in Sources */,
				024CE3CA1E30A16700586D1F /* PageCollectionViewCell.swift in Sources */,
			);
			runOnlyForDeploymentPostprocessing = 0;
		};
/* End PBXSourcesBuildPhase section */

/* Begin PBXTargetDependency section */
		02493FEE1E2F64A3002FC473 /* PBXTargetDependency */ = {
			isa = PBXTargetDependency;
			target = 02493FD41E2F64A3002FC473 /* SaveALittle */;
			targetProxy = 02493FED1E2F64A3002FC473 /* PBXContainerItemProxy */;
		};
		02493FF91E2F64A3002FC473 /* PBXTargetDependency */ = {
			isa = PBXTargetDependency;
			target = 02493FD41E2F64A3002FC473 /* SaveALittle */;
			targetProxy = 02493FF81E2F64A3002FC473 /* PBXContainerItemProxy */;
		};
/* End PBXTargetDependency section */

/* Begin PBXVariantGroup section */
		02493FDC1E2F64A3002FC473 /* Main.storyboard */ = {
			isa = PBXVariantGroup;
			children = (
				02493FDD1E2F64A3002FC473 /* Base */,
			);
			name = Main.storyboard;
			sourceTree = "<group>";
		};
		02493FE41E2F64A3002FC473 /* LaunchScreen.storyboard */ = {
			isa = PBXVariantGroup;
			children = (
				02493FE51E2F64A3002FC473 /* Base */,
			);
			name = LaunchScreen.storyboard;
			sourceTree = "<group>";
		};
/* End PBXVariantGroup section */

/* Begin XCBuildConfiguration section */
		02493FFE1E2F64A3002FC473 /* Debug */ = {
			isa = XCBuildConfiguration;
			buildSettings = {
				ALWAYS_SEARCH_USER_PATHS = NO;
				CLANG_ANALYZER_NONNULL = YES;
				CLANG_CXX_LANGUAGE_STANDARD = "gnu++0x";
				CLANG_CXX_LIBRARY = "libc++";
				CLANG_ENABLE_MODULES = YES;
				CLANG_ENABLE_OBJC_ARC = YES;
				CLANG_WARN_BOOL_CONVERSION = YES;
				CLANG_WARN_CONSTANT_CONVERSION = YES;
				CLANG_WARN_DIRECT_OBJC_ISA_USAGE = YES_ERROR;
				CLANG_WARN_DOCUMENTATION_COMMENTS = YES;
				CLANG_WARN_EMPTY_BODY = YES;
				CLANG_WARN_ENUM_CONVERSION = YES;
				CLANG_WARN_INFINITE_RECURSION = YES;
				CLANG_WARN_INT_CONVERSION = YES;
				CLANG_WARN_OBJC_ROOT_CLASS = YES_ERROR;
				CLANG_WARN_SUSPICIOUS_MOVE = YES;
				CLANG_WARN_UNREACHABLE_CODE = YES;
				CLANG_WARN__DUPLICATE_METHOD_MATCH = YES;
				CODE_SIGN_IDENTITY = "iPhone Developer";
				"CODE_SIGN_IDENTITY[sdk=iphoneos*]" = "iPhone Developer";
				COPY_PHASE_STRIP = NO;
				DEBUG_INFORMATION_FORMAT = dwarf;
				ENABLE_STRICT_OBJC_MSGSEND = YES;
				ENABLE_TESTABILITY = YES;
				GCC_C_LANGUAGE_STANDARD = gnu99;
				GCC_DYNAMIC_NO_PIC = NO;
				GCC_NO_COMMON_BLOCKS = YES;
				GCC_OPTIMIZATION_LEVEL = 0;
				GCC_PREPROCESSOR_DEFINITIONS = (
					"DEBUG=1",
					"$(inherited)",
				);
				GCC_WARN_64_TO_32_BIT_CONVERSION = YES;
				GCC_WARN_ABOUT_RETURN_TYPE = YES_ERROR;
				GCC_WARN_UNDECLARED_SELECTOR = YES;
				GCC_WARN_UNINITIALIZED_AUTOS = YES_AGGRESSIVE;
				GCC_WARN_UNUSED_FUNCTION = YES;
				GCC_WARN_UNUSED_VARIABLE = YES;
				IPHONEOS_DEPLOYMENT_TARGET = 9.0;
				MTL_ENABLE_DEBUG_INFO = YES;
				ONLY_ACTIVE_ARCH = YES;
				SDKROOT = iphoneos;
				SWIFT_ACTIVE_COMPILATION_CONDITIONS = DEBUG;
				SWIFT_OPTIMIZATION_LEVEL = "-Onone";
			};
			name = Debug;
		};
		02493FFF1E2F64A3002FC473 /* Release */ = {
			isa = XCBuildConfiguration;
			buildSettings = {
				ALWAYS_SEARCH_USER_PATHS = NO;
				CLANG_ANALYZER_NONNULL = YES;
				CLANG_CXX_LANGUAGE_STANDARD = "gnu++0x";
				CLANG_CXX_LIBRARY = "libc++";
				CLANG_ENABLE_MODULES = YES;
				CLANG_ENABLE_OBJC_ARC = YES;
				CLANG_WARN_BOOL_CONVERSION = YES;
				CLANG_WARN_CONSTANT_CONVERSION = YES;
				CLANG_WARN_DIRECT_OBJC_ISA_USAGE = YES_ERROR;
				CLANG_WARN_DOCUMENTATION_COMMENTS = YES;
				CLANG_WARN_EMPTY_BODY = YES;
				CLANG_WARN_ENUM_CONVERSION = YES;
				CLANG_WARN_INFINITE_RECURSION = YES;
				CLANG_WARN_INT_CONVERSION = YES;
				CLANG_WARN_OBJC_ROOT_CLASS = YES_ERROR;
				CLANG_WARN_SUSPICIOUS_MOVE = YES;
				CLANG_WARN_UNREACHABLE_CODE = YES;
				CLANG_WARN__DUPLICATE_METHOD_MATCH = YES;
				CODE_SIGN_IDENTITY = "iPhone Developer";
				"CODE_SIGN_IDENTITY[sdk=iphoneos*]" = "iPhone Developer";
				COPY_PHASE_STRIP = NO;
				DEBUG_INFORMATION_FORMAT = "dwarf-with-dsym";
				ENABLE_NS_ASSERTIONS = NO;
				ENABLE_STRICT_OBJC_MSGSEND = YES;
				GCC_C_LANGUAGE_STANDARD = gnu99;
				GCC_NO_COMMON_BLOCKS = YES;
				GCC_WARN_64_TO_32_BIT_CONVERSION = YES;
				GCC_WARN_ABOUT_RETURN_TYPE = YES_ERROR;
				GCC_WARN_UNDECLARED_SELECTOR = YES;
				GCC_WARN_UNINITIALIZED_AUTOS = YES_AGGRESSIVE;
				GCC_WARN_UNUSED_FUNCTION = YES;
				GCC_WARN_UNUSED_VARIABLE = YES;
				IPHONEOS_DEPLOYMENT_TARGET = 9.0;
				MTL_ENABLE_DEBUG_INFO = NO;
				SDKROOT = iphoneos;
				SWIFT_OPTIMIZATION_LEVEL = "-Owholemodule";
				VALIDATE_PRODUCT = YES;
			};
			name = Release;
		};
		024940011E2F64A3002FC473 /* Debug */ = {
			isa = XCBuildConfiguration;
			baseConfigurationReference = DA8599943F1144410F92B64D /* Pods-SaveALittle.debug.xcconfig */;
			buildSettings = {
				ASSETCATALOG_COMPILER_APPICON_NAME = AppIcon;
				DEVELOPMENT_TEAM = 3PHP3XA64F;
				INFOPLIST_FILE = SaveALittle/Info.plist;
				LD_RUNPATH_SEARCH_PATHS = "$(inherited) @executable_path/Frameworks";
				PRODUCT_BUNDLE_IDENTIFIER = DevWithLove.com.SaveALittle;
				PRODUCT_NAME = "$(TARGET_NAME)";
				SWIFT_VERSION = 3.0;
			};
			name = Debug;
		};
		024940021E2F64A3002FC473 /* Release */ = {
			isa = XCBuildConfiguration;
			baseConfigurationReference = 3271B51488567437B23760CC /* Pods-SaveALittle.release.xcconfig */;
			buildSettings = {
				ASSETCATALOG_COMPILER_APPICON_NAME = AppIcon;
				DEVELOPMENT_TEAM = 3PHP3XA64F;
				INFOPLIST_FILE = SaveALittle/Info.plist;
				LD_RUNPATH_SEARCH_PATHS = "$(inherited) @executable_path/Frameworks";
				PRODUCT_BUNDLE_IDENTIFIER = DevWithLove.com.SaveALittle;
				PRODUCT_NAME = "$(TARGET_NAME)";
				SWIFT_VERSION = 3.0;
			};
			name = Release;
		};
		024940041E2F64A3002FC473 /* Debug */ = {
			isa = XCBuildConfiguration;
			baseConfigurationReference = 12D177A039F1ADD9CE08A6EC /* Pods-SaveALittleTests.debug.xcconfig */;
			buildSettings = {
				ALWAYS_EMBED_SWIFT_STANDARD_LIBRARIES = YES;
				BUNDLE_LOADER = "$(TEST_HOST)";
				INFOPLIST_FILE = SaveALittleTests/Info.plist;
				LD_RUNPATH_SEARCH_PATHS = "$(inherited) @executable_path/Frameworks @loader_path/Frameworks";
				PRODUCT_BUNDLE_IDENTIFIER = DevWithLove.com.SaveALittleTests;
				PRODUCT_NAME = "$(TARGET_NAME)";
				SWIFT_VERSION = 3.0;
				TEST_HOST = "$(BUILT_PRODUCTS_DIR)/SaveALittle.app/SaveALittle";
			};
			name = Debug;
		};
		024940051E2F64A3002FC473 /* Release */ = {
			isa = XCBuildConfiguration;
			baseConfigurationReference = 735475B3A64AB734143A4522 /* Pods-SaveALittleTests.release.xcconfig */;
			buildSettings = {
				ALWAYS_EMBED_SWIFT_STANDARD_LIBRARIES = YES;
				BUNDLE_LOADER = "$(TEST_HOST)";
				INFOPLIST_FILE = SaveALittleTests/Info.plist;
				LD_RUNPATH_SEARCH_PATHS = "$(inherited) @executable_path/Frameworks @loader_path/Frameworks";
				PRODUCT_BUNDLE_IDENTIFIER = DevWithLove.com.SaveALittleTests;
				PRODUCT_NAME = "$(TARGET_NAME)";
				SWIFT_VERSION = 3.0;
				TEST_HOST = "$(BUILT_PRODUCTS_DIR)/SaveALittle.app/SaveALittle";
			};
			name = Release;
		};
		024940071E2F64A3002FC473 /* Debug */ = {
			isa = XCBuildConfiguration;
			baseConfigurationReference = 4721DB6E59EED70B887E7C1A /* Pods-SaveALittleUITests.debug.xcconfig */;
			buildSettings = {
				ALWAYS_EMBED_SWIFT_STANDARD_LIBRARIES = YES;
				INFOPLIST_FILE = SaveALittleUITests/Info.plist;
				LD_RUNPATH_SEARCH_PATHS = "$(inherited) @executable_path/Frameworks @loader_path/Frameworks";
				PRODUCT_BUNDLE_IDENTIFIER = DevWithLove.com.SaveALittleUITests;
				PRODUCT_NAME = "$(TARGET_NAME)";
				SWIFT_VERSION = 3.0;
				TEST_TARGET_NAME = SaveALittle;
			};
			name = Debug;
		};
		024940081E2F64A3002FC473 /* Release */ = {
			isa = XCBuildConfiguration;
			baseConfigurationReference = A11EE9F87D2EF9ED3139CF88 /* Pods-SaveALittleUITests.release.xcconfig */;
			buildSettings = {
				ALWAYS_EMBED_SWIFT_STANDARD_LIBRARIES = YES;
				INFOPLIST_FILE = SaveALittleUITests/Info.plist;
				LD_RUNPATH_SEARCH_PATHS = "$(inherited) @executable_path/Frameworks @loader_path/Frameworks";
				PRODUCT_BUNDLE_IDENTIFIER = DevWithLove.com.SaveALittleUITests;
				PRODUCT_NAME = "$(TARGET_NAME)";
				SWIFT_VERSION = 3.0;
				TEST_TARGET_NAME = SaveALittle;
			};
			name = Release;
		};
		026050591E2F685F00026F5B /* Debug */ = {
			isa = XCBuildConfiguration;
			baseConfigurationReference = AFDBBE90CC75F07551F84676 /* Pods-SaveALittleDev.debug.xcconfig */;
			buildSettings = {
				ASSETCATALOG_COMPILER_APPICON_NAME = "AppIcon-Dev";
				DEVELOPMENT_TEAM = 3PHP3XA64F;
				INFOPLIST_FILE = "SaveALittle/Dev-Info.plist";
				LD_RUNPATH_SEARCH_PATHS = "$(inherited) @executable_path/Frameworks";
				OTHER_SWIFT_FLAGS = "-DDEVELOPMENT";
				PRODUCT_BUNDLE_IDENTIFIER = DevWithLove.com.SaveALittle.Dev;
				PRODUCT_NAME = "$(TARGET_NAME)";
				SWIFT_VERSION = 3.0;
			};
			name = Debug;
		};
		0260505A1E2F685F00026F5B /* Release */ = {
			isa = XCBuildConfiguration;
			baseConfigurationReference = 6A18BFD29A9FECAD56261F6E /* Pods-SaveALittleDev.release.xcconfig */;
			buildSettings = {
				ASSETCATALOG_COMPILER_APPICON_NAME = "AppIcon-Dev";
				DEVELOPMENT_TEAM = 3PHP3XA64F;
				INFOPLIST_FILE = "SaveALittle/Dev-Info.plist";
				LD_RUNPATH_SEARCH_PATHS = "$(inherited) @executable_path/Frameworks";
				OTHER_SWIFT_FLAGS = "-DDEVELOPMENT";
				PRODUCT_BUNDLE_IDENTIFIER = DevWithLove.com.SaveALittle.Dev;
				PRODUCT_NAME = "$(TARGET_NAME)";
				SWIFT_VERSION = 3.0;
			};
			name = Release;
		};
/* End XCBuildConfiguration section */

/* Begin XCConfigurationList section */
		02493FD01E2F64A3002FC473 /* Build configuration list for PBXProject "SaveALittle" */ = {
			isa = XCConfigurationList;
			buildConfigurations = (
				02493FFE1E2F64A3002FC473 /* Debug */,
				02493FFF1E2F64A3002FC473 /* Release */,
			);
			defaultConfigurationIsVisible = 0;
			defaultConfigurationName = Release;
		};
		024940001E2F64A3002FC473 /* Build configuration list for PBXNativeTarget "SaveALittle" */ = {
			isa = XCConfigurationList;
			buildConfigurations = (
				024940011E2F64A3002FC473 /* Debug */,
				024940021E2F64A3002FC473 /* Release */,
			);
			defaultConfigurationIsVisible = 0;
			defaultConfigurationName = Release;
		};
		024940031E2F64A3002FC473 /* Build configuration list for PBXNativeTarget "SaveALittleTests" */ = {
			isa = XCConfigurationList;
			buildConfigurations = (
				024940041E2F64A3002FC473 /* Debug */,
				024940051E2F64A3002FC473 /* Release */,
			);
			defaultConfigurationIsVisible = 0;
			defaultConfigurationName = Release;
		};
		024940061E2F64A3002FC473 /* Build configuration list for PBXNativeTarget "SaveALittleUITests" */ = {
			isa = XCConfigurationList;
			buildConfigurations = (
				024940071E2F64A3002FC473 /* Debug */,
				024940081E2F64A3002FC473 /* Release */,
			);
			defaultConfigurationIsVisible = 0;
			defaultConfigurationName = Release;
		};
		026050581E2F685F00026F5B /* Build configuration list for PBXNativeTarget "SaveALittleDev" */ = {
			isa = XCConfigurationList;
			buildConfigurations = (
				026050591E2F685F00026F5B /* Debug */,
				0260505A1E2F685F00026F5B /* Release */,
			);
			defaultConfigurationIsVisible = 0;
			defaultConfigurationName = Release;
		};
/* End XCConfigurationList section */

/* Begin XCVersionGroup section */
		02493FDF1E2F64A3002FC473 /* SaveALittle.xcdatamodeld */ = {
			isa = XCVersionGroup;
			children = (
				02493FE01E2F64A3002FC473 /* SaveALittle.xcdatamodel */,
			);
			currentVersion = 02493FE01E2F64A3002FC473 /* SaveALittle.xcdatamodel */;
			path = SaveALittle.xcdatamodeld;
			sourceTree = "<group>";
			versionGroupType = wrapper.xcdatamodel;
		};
/* End XCVersionGroup section */
	};
	rootObject = 02493FCD1E2F64A3002FC473 /* Project object */;
}
